
Microsoft Visual Studio Solution File, Format Version 12.00
# Visual Studio 15
VisualStudioVersion = 15.0.28307.960
MinimumVisualStudioVersion = 10.0.40219.1
Project("{FAE04EC0-301F-11D3-BF4B-00C04F79EFBC}") = "GTDFundAllocatorService", "GTDFundAllocatorService\GTDFundAllocatorService.csproj", "{E0B0616A-0B57-4FD2-9336-BA0EDD5C0AA0}"
EndProject
Project("{FAE04EC0-301F-11D3-BF4B-00C04F79EFBC}") = "GTDFundAllocatorService.Repository.Shared", "GTDFundAllocatorService.Repository.Shared\GTDFundAllocatorService.Repository.Shared.csproj", "{759817A1-35FF-4BA9-ACB9-44BE9D45E7F5}"
EndProject
Project("{FAE04EC0-301F-11D3-BF4B-00C04F79EFBC}") = "GTDFundAllocatorService.Repository.Implementation", "GTDFundAllocatorService.Repository.Implementation\GTDFundAllocatorService.Repository.Implementation.csproj", "{E07E12B4-872B-4885-BFE6-8D59A3C86C61}"
EndProject
Project("{FAE04EC0-301F-11D3-BF4B-00C04F79EFBC}") = "GTDFundAllocatorService.Foundation", "GTDFundAllocatorService.Foundation\GTDFundAllocatorService.Foundation.csproj", "{5060391E-F693-4B8A-8AEF-AB46F6F3A9DA}"
EndProject
Project("{FAE04EC0-301F-11D3-BF4B-00C04F79EFBC}") = "GTDFundAllocatorService.Domain.Shared", "GTDFundAllocatorService.Domain.Shared\GTDFundAllocatorService.Domain.Shared.csproj", "{C8C54817-C8CF-4280-9C98-8AF205062DE8}"
EndProject
Project("{FAE04EC0-301F-11D3-BF4B-00C04F79EFBC}") = "GTDFundAllocatorService.Domain.Implementation", "GTDFundAllocatorService.Domain.Implementation\GTDFundAllocatorService.Domain.Implementation.csproj", "{F99864E6-9E24-4F0F-AA19-4C35F10DDC3D}"
EndProject
Global
	GlobalSection(SolutionConfigurationPlatforms) = preSolution
		Debug|Any CPU = Debug|Any CPU
		Release|Any CPU = Release|Any CPU
	EndGlobalSection
	GlobalSection(ProjectConfigurationPlatforms) = postSolution
		{E0B0616A-0B57-4FD2-9336-BA0EDD5C0AA0}.Debug|Any CPU.ActiveCfg = Debug|Any CPU
		{E0B0616A-0B57-4FD2-9336-BA0EDD5C0AA0}.Debug|Any CPU.Build.0 = Debug|Any CPU
		{E0B0616A-0B57-4FD2-9336-BA0EDD5C0AA0}.Release|Any CPU.ActiveCfg = Release|Any CPU
		{E0B0616A-0B57-4FD2-9336-BA0EDD5C0AA0}.Release|Any CPU.Build.0 = Release|Any CPU
		{759817A1-35FF-4BA9-ACB9-44BE9D45E7F5}.Debug|Any CPU.ActiveCfg = Debug|Any CPU
		{759817A1-35FF-4BA9-ACB9-44BE9D45E7F5}.Debug|Any CPU.Build.0 = Debug|Any CPU
		{759817A1-35FF-4BA9-ACB9-44BE9D45E7F5}.Release|Any CPU.ActiveCfg = Release|Any CPU
		{759817A1-35FF-4BA9-ACB9-44BE9D45E7F5}.Release|Any CPU.Build.0 = Release|Any CPU
		{E07E12B4-872B-4885-BFE6-8D59A3C86C61}.Debug|Any CPU.ActiveCfg = Debug|Any CPU
		{E07E12B4-872B-4885-BFE6-8D59A3C86C61}.Debug|Any CPU.Build.0 = Debug|Any CPU
		{E07E12B4-872B-4885-BFE6-8D59A3C86C61}.Release|Any CPU.ActiveCfg = Release|Any CPU
		{E07E12B4-872B-4885-BFE6-8D59A3C86C61}.Release|Any CPU.Build.0 = Release|Any CPU
		{5060391E-F693-4B8A-8AEF-AB46F6F3A9DA}.Debug|Any CPU.ActiveCfg = Debug|Any CPU
		{5060391E-F693-4B8A-8AEF-AB46F6F3A9DA}.Debug|Any CPU.Build.0 = Debug|Any CPU
		{5060391E-F693-4B8A-8AEF-AB46F6F3A9DA}.Release|Any CPU.ActiveCfg = Release|Any CPU
		{5060391E-F693-4B8A-8AEF-AB46F6F3A9DA}.Release|Any CPU.Build.0 = Release|Any CPU
		{C8C54817-C8CF-4280-9C98-8AF205062DE8}.Debug|Any CPU.ActiveCfg = Debug|Any CPU
		{C8C54817-C8CF-4280-9C98-8AF205062DE8}.Debug|Any CPU.Build.0 = Debug|Any CPU
		{C8C54817-C8CF-4280-9C98-8AF205062DE8}.Release|Any CPU.ActiveCfg = Release|Any CPU
		{C8C54817-C8CF-4280-9C98-8AF205062DE8}.Release|Any CPU.Build.0 = Release|Any CPU
		{F99864E6-9E24-4F0F-AA19-4C35F10DDC3D}.Debug|Any CPU.ActiveCfg = Debug|Any CPU
		{F99864E6-9E24-4F0F-AA19-4C35F10DDC3D}.Debug|Any CPU.Build.0 = Debug|Any CPU
		{F99864E6-9E24-4F0F-AA19-4C35F10DDC3D}.Release|Any CPU.ActiveCfg = Release|Any CPU
		{F99864E6-9E24-4F0F-AA19-4C35F10DDC3D}.Release|Any CPU.Build.0 = Release|Any CPU
	EndGlobalSection
	GlobalSection(SolutionProperties) = preSolution
		HideSolutionNode = FALSE
	EndGlobalSection
	GlobalSection(ExtensibilityGlobals) = postSolution
		SolutionGuid = {298BC675-D6EF-4332-9A92-877A43093195}
	EndGlobalSection
EndGlobal
